
Microsoft Visual Studio Solution File, Format Version 12.00
# Visual Studio Version 17
VisualStudioVersion = 17.6.33829.357
MinimumVisualStudioVersion = 10.0.40219.1
Project("{9A19103F-16F7-4668-BE54-9A1E7A4F7556}") = "Projektsystem.BlazorApp", "Projektsystem.BlazorApp\Projektsystem.BlazorApp.csproj", "{F4BA8E6C-E2BE-435F-9F95-404D9A25A5C7}"
EndProject
Project("{9A19103F-16F7-4668-BE54-9A1E7A4F7556}") = "Projektsystem.Model", "Projektsystem.Model\Projektsystem.Model.csproj", "{DFC0704F-8B0F-42E1-A091-AE3352CAFC62}"
EndProject
Project("{9A19103F-16F7-4668-BE54-9A1E7A4F7556}") = "Projektsystem.AppService", "Projektsystem.AppService\Projektsystem.AppService.csproj", "{CE2FE0C4-0453-47D0-9E4F-4B92AE10A97A}"
EndProject
Project("{9A19103F-16F7-4668-BE54-9A1E7A4F7556}") = "Projektsystem.XunitTest", "Projektsystem.XunitTest\Projektsystem.XunitTest.csproj", "{8D622DCA-D20A-45A7-A440-280E054022D5}"
EndProject
Global
	GlobalSection(SolutionConfigurationPlatforms) = preSolution
		Debug|Any CPU = Debug|Any CPU
		Release|Any CPU = Release|Any CPU
	EndGlobalSection
	GlobalSection(ProjectConfigurationPlatforms) = postSolution
		{F4BA8E6C-E2BE-435F-9F95-404D9A25A5C7}.Debug|Any CPU.ActiveCfg = Debug|Any CPU
		{F4BA8E6C-E2BE-435F-9F95-404D9A25A5C7}.Debug|Any CPU.Build.0 = Debug|Any CPU
		{F4BA8E6C-E2BE-435F-9F95-404D9A25A5C7}.Release|Any CPU.ActiveCfg = Release|Any CPU
		{F4BA8E6C-E2BE-435F-9F95-404D9A25A5C7}.Release|Any CPU.Build.0 = Release|Any CPU
		{DFC0704F-8B0F-42E1-A091-AE3352CAFC62}.Debug|Any CPU.ActiveCfg = Debug|Any CPU
		{DFC0704F-8B0F-42E1-A091-AE3352CAFC62}.Debug|Any CPU.Build.0 = Debug|Any CPU
		{DFC0704F-8B0F-42E1-A091-AE3352CAFC62}.Release|Any CPU.ActiveCfg = Release|Any CPU
		{DFC0704F-8B0F-42E1-A091-AE3352CAFC62}.Release|Any CPU.Build.0 = Release|Any CPU
		{CE2FE0C4-0453-47D0-9E4F-4B92AE10A97A}.Debug|Any CPU.ActiveCfg = Debug|Any CPU
		{CE2FE0C4-0453-47D0-9E4F-4B92AE10A97A}.Debug|Any CPU.Build.0 = Debug|Any CPU
		{CE2FE0C4-0453-47D0-9E4F-4B92AE10A97A}.Release|Any CPU.ActiveCfg = Release|Any CPU
		{CE2FE0C4-0453-47D0-9E4F-4B92AE10A97A}.Release|Any CPU.Build.0 = Release|Any CPU
		{8D622DCA-D20A-45A7-A440-280E054022D5}.Debug|Any CPU.ActiveCfg = Debug|Any CPU
		{8D622DCA-D20A-45A7-A440-280E054022D5}.Debug|Any CPU.Build.0 = Debug|Any CPU
		{8D622DCA-D20A-45A7-A440-280E054022D5}.Release|Any CPU.ActiveCfg = Release|Any CPU
		{8D622DCA-D20A-45A7-A440-280E054022D5}.Release|Any CPU.Build.0 = Release|Any CPU
	EndGlobalSection
	GlobalSection(SolutionProperties) = preSolution
		HideSolutionNode = FALSE
	EndGlobalSection
	GlobalSection(ExtensibilityGlobals) = postSolution
		SolutionGuid = {A0EDAACA-6581-485C-AA17-D8AB2557EB79}
	EndGlobalSection
EndGlobal
